
Microsoft Visual Studio Solution File, Format Version 12.00
Project("{FAE04EC0-301F-11D3-BF4B-00C04F79EFBC}") = "TwoCharacters", "TwoCharacters.csproj", "{6B07A26C-152F-4067-BE8E-082B4F8E2E46}"
EndProject
Global
	GlobalSection(SolutionConfigurationPlatforms) = preSolution
		Debug|Any CPU = Debug|Any CPU
		Release|Any CPU = Release|Any CPU
	EndGlobalSection
	GlobalSection(ProjectConfigurationPlatforms) = postSolution
		{6B07A26C-152F-4067-BE8E-082B4F8E2E46}.Debug|Any CPU.ActiveCfg = Debug|Any CPU
		{6B07A26C-152F-4067-BE8E-082B4F8E2E46}.Debug|Any CPU.Build.0 = Debug|Any CPU
		{6B07A26C-152F-4067-BE8E-082B4F8E2E46}.Release|Any CPU.ActiveCfg = Release|Any CPU
		{6B07A26C-152F-4067-BE8E-082B4F8E2E46}.Release|Any CPU.Build.0 = Release|Any CPU
	EndGlobalSection
EndGlobal
