
Microsoft Visual Studio Solution File, Format Version 12.00
Project("{FAE04EC0-301F-11D3-BF4B-00C04F79EFBC}") = "FindPrimeNum", "FindPrimeNum.csproj", "{8708B136-495D-42AB-A38A-26126A49BE0B}"
EndProject
Global
	GlobalSection(SolutionConfigurationPlatforms) = preSolution
		Debug|Any CPU = Debug|Any CPU
		Release|Any CPU = Release|Any CPU
	EndGlobalSection
	GlobalSection(ProjectConfigurationPlatforms) = postSolution
		{8708B136-495D-42AB-A38A-26126A49BE0B}.Debug|Any CPU.ActiveCfg = Debug|Any CPU
		{8708B136-495D-42AB-A38A-26126A49BE0B}.Debug|Any CPU.Build.0 = Debug|Any CPU
		{8708B136-495D-42AB-A38A-26126A49BE0B}.Release|Any CPU.ActiveCfg = Release|Any CPU
		{8708B136-495D-42AB-A38A-26126A49BE0B}.Release|Any CPU.Build.0 = Release|Any CPU
	EndGlobalSection
EndGlobal
