
Microsoft Visual Studio Solution File, Format Version 12.00
Project("{FAE04EC0-301F-11D3-BF4B-00C04F79EFBC}") = "268_MissingNumber", "268_MissingNumber.csproj", "{76A8708A-4F0F-4680-AE6B-86FB9C516ECE}"
EndProject
Global
	GlobalSection(SolutionConfigurationPlatforms) = preSolution
		Debug|Any CPU = Debug|Any CPU
		Release|Any CPU = Release|Any CPU
	EndGlobalSection
	GlobalSection(ProjectConfigurationPlatforms) = postSolution
		{76A8708A-4F0F-4680-AE6B-86FB9C516ECE}.Debug|Any CPU.ActiveCfg = Debug|Any CPU
		{76A8708A-4F0F-4680-AE6B-86FB9C516ECE}.Debug|Any CPU.Build.0 = Debug|Any CPU
		{76A8708A-4F0F-4680-AE6B-86FB9C516ECE}.Release|Any CPU.ActiveCfg = Release|Any CPU
		{76A8708A-4F0F-4680-AE6B-86FB9C516ECE}.Release|Any CPU.Build.0 = Release|Any CPU
	EndGlobalSection
EndGlobal
