
Microsoft Visual Studio Solution File, Format Version 12.00
Project("{FAE04EC0-301F-11D3-BF4B-00C04F79EFBC}") = "42861_ConnectIsland", "42861_ConnectIsland.csproj", "{6E351469-D0ED-4ECC-B191-34DAA58C0D03}"
EndProject
Global
	GlobalSection(SolutionConfigurationPlatforms) = preSolution
		Debug|Any CPU = Debug|Any CPU
		Release|Any CPU = Release|Any CPU
	EndGlobalSection
	GlobalSection(ProjectConfigurationPlatforms) = postSolution
		{6E351469-D0ED-4ECC-B191-34DAA58C0D03}.Debug|Any CPU.ActiveCfg = Debug|Any CPU
		{6E351469-D0ED-4ECC-B191-34DAA58C0D03}.Debug|Any CPU.Build.0 = Debug|Any CPU
		{6E351469-D0ED-4ECC-B191-34DAA58C0D03}.Release|Any CPU.ActiveCfg = Release|Any CPU
		{6E351469-D0ED-4ECC-B191-34DAA58C0D03}.Release|Any CPU.Build.0 = Release|Any CPU
	EndGlobalSection
EndGlobal
