
Microsoft Visual Studio Solution File, Format Version 12.00
Project("{FAE04EC0-301F-11D3-BF4B-00C04F79EFBC}") = "81301_NumberStringAndEnglishWords", "81301_NumberStringAndEnglishWords.csproj", "{8BDBA179-5775-4CEA-B9C9-F7AA3F1B887A}"
EndProject
Global
	GlobalSection(SolutionConfigurationPlatforms) = preSolution
		Debug|Any CPU = Debug|Any CPU
		Release|Any CPU = Release|Any CPU
	EndGlobalSection
	GlobalSection(ProjectConfigurationPlatforms) = postSolution
		{8BDBA179-5775-4CEA-B9C9-F7AA3F1B887A}.Debug|Any CPU.ActiveCfg = Debug|Any CPU
		{8BDBA179-5775-4CEA-B9C9-F7AA3F1B887A}.Debug|Any CPU.Build.0 = Debug|Any CPU
		{8BDBA179-5775-4CEA-B9C9-F7AA3F1B887A}.Release|Any CPU.ActiveCfg = Release|Any CPU
		{8BDBA179-5775-4CEA-B9C9-F7AA3F1B887A}.Release|Any CPU.Build.0 = Release|Any CPU
	EndGlobalSection
EndGlobal
