
Microsoft Visual Studio Solution File, Format Version 12.00
Project("{FAE04EC0-301F-11D3-BF4B-00C04F79EFBC}") = "1079.LetterTilePossibilities", "1079.LetterTilePossibilities.csproj", "{A6424141-D87B-4F26-AF1F-3A81AC1E92D3}"
EndProject
Global
	GlobalSection(SolutionConfigurationPlatforms) = preSolution
		Debug|Any CPU = Debug|Any CPU
		Release|Any CPU = Release|Any CPU
	EndGlobalSection
	GlobalSection(ProjectConfigurationPlatforms) = postSolution
		{A6424141-D87B-4F26-AF1F-3A81AC1E92D3}.Debug|Any CPU.ActiveCfg = Debug|Any CPU
		{A6424141-D87B-4F26-AF1F-3A81AC1E92D3}.Debug|Any CPU.Build.0 = Debug|Any CPU
		{A6424141-D87B-4F26-AF1F-3A81AC1E92D3}.Release|Any CPU.ActiveCfg = Release|Any CPU
		{A6424141-D87B-4F26-AF1F-3A81AC1E92D3}.Release|Any CPU.Build.0 = Release|Any CPU
	EndGlobalSection
EndGlobal
