
Microsoft Visual Studio Solution File, Format Version 12.00
Project("{FAE04EC0-301F-11D3-BF4B-00C04F79EFBC}") = "322_CoinChange", "322_CoinChange.csproj", "{0F68D956-02C5-427F-B48D-BC7FCF822695}"
EndProject
Global
	GlobalSection(SolutionConfigurationPlatforms) = preSolution
		Debug|Any CPU = Debug|Any CPU
		Release|Any CPU = Release|Any CPU
	EndGlobalSection
	GlobalSection(ProjectConfigurationPlatforms) = postSolution
		{0F68D956-02C5-427F-B48D-BC7FCF822695}.Debug|Any CPU.ActiveCfg = Debug|Any CPU
		{0F68D956-02C5-427F-B48D-BC7FCF822695}.Debug|Any CPU.Build.0 = Debug|Any CPU
		{0F68D956-02C5-427F-B48D-BC7FCF822695}.Release|Any CPU.ActiveCfg = Release|Any CPU
		{0F68D956-02C5-427F-B48D-BC7FCF822695}.Release|Any CPU.Build.0 = Release|Any CPU
	EndGlobalSection
EndGlobal
