
Microsoft Visual Studio Solution File, Format Version 12.00
Project("{FAE04EC0-301F-11D3-BF4B-00C04F79EFBC}") = "BFS_Shortest_Reach", "BFS_Shortest_Reach.csproj", "{FAEDA370-7133-4194-8C23-B8F0EFE0955A}"
EndProject
Global
	GlobalSection(SolutionConfigurationPlatforms) = preSolution
		Debug|Any CPU = Debug|Any CPU
		Release|Any CPU = Release|Any CPU
	EndGlobalSection
	GlobalSection(ProjectConfigurationPlatforms) = postSolution
		{FAEDA370-7133-4194-8C23-B8F0EFE0955A}.Debug|Any CPU.ActiveCfg = Debug|Any CPU
		{FAEDA370-7133-4194-8C23-B8F0EFE0955A}.Debug|Any CPU.Build.0 = Debug|Any CPU
		{FAEDA370-7133-4194-8C23-B8F0EFE0955A}.Release|Any CPU.ActiveCfg = Release|Any CPU
		{FAEDA370-7133-4194-8C23-B8F0EFE0955A}.Release|Any CPU.Build.0 = Release|Any CPU
	EndGlobalSection
EndGlobal
