
Microsoft Visual Studio Solution File, Format Version 12.00
Project("{FAE04EC0-301F-11D3-BF4B-00C04F79EFBC}") = "11723_Set", "11723_Set.csproj", "{5406B6F6-9DA8-4C89-8E71-5578FA5DFC19}"
EndProject
Global
	GlobalSection(SolutionConfigurationPlatforms) = preSolution
		Debug|Any CPU = Debug|Any CPU
		Release|Any CPU = Release|Any CPU
	EndGlobalSection
	GlobalSection(ProjectConfigurationPlatforms) = postSolution
		{5406B6F6-9DA8-4C89-8E71-5578FA5DFC19}.Debug|Any CPU.ActiveCfg = Debug|Any CPU
		{5406B6F6-9DA8-4C89-8E71-5578FA5DFC19}.Debug|Any CPU.Build.0 = Debug|Any CPU
		{5406B6F6-9DA8-4C89-8E71-5578FA5DFC19}.Release|Any CPU.ActiveCfg = Release|Any CPU
		{5406B6F6-9DA8-4C89-8E71-5578FA5DFC19}.Release|Any CPU.Build.0 = Release|Any CPU
	EndGlobalSection
EndGlobal
