
Microsoft Visual Studio Solution File, Format Version 12.00
Project("{FAE04EC0-301F-11D3-BF4B-00C04F79EFBC}") = "12915_SortString", "12915_SortString.csproj", "{6BB52CEC-41A8-474D-AB00-D6B9B28B5081}"
EndProject
Global
	GlobalSection(SolutionConfigurationPlatforms) = preSolution
		Debug|Any CPU = Debug|Any CPU
		Release|Any CPU = Release|Any CPU
	EndGlobalSection
	GlobalSection(ProjectConfigurationPlatforms) = postSolution
		{6BB52CEC-41A8-474D-AB00-D6B9B28B5081}.Debug|Any CPU.ActiveCfg = Debug|Any CPU
		{6BB52CEC-41A8-474D-AB00-D6B9B28B5081}.Debug|Any CPU.Build.0 = Debug|Any CPU
		{6BB52CEC-41A8-474D-AB00-D6B9B28B5081}.Release|Any CPU.ActiveCfg = Release|Any CPU
		{6BB52CEC-41A8-474D-AB00-D6B9B28B5081}.Release|Any CPU.Build.0 = Release|Any CPU
	EndGlobalSection
EndGlobal
