
Microsoft Visual Studio Solution File, Format Version 12.00
Project("{FAE04EC0-301F-11D3-BF4B-00C04F79EFBC}") = "46_Permutations", "46_Permutations.csproj", "{A483EA6F-D5C7-42EE-B74C-C7DCF0FB82E2}"
EndProject
Global
	GlobalSection(SolutionConfigurationPlatforms) = preSolution
		Debug|Any CPU = Debug|Any CPU
		Release|Any CPU = Release|Any CPU
	EndGlobalSection
	GlobalSection(ProjectConfigurationPlatforms) = postSolution
		{A483EA6F-D5C7-42EE-B74C-C7DCF0FB82E2}.Debug|Any CPU.ActiveCfg = Debug|Any CPU
		{A483EA6F-D5C7-42EE-B74C-C7DCF0FB82E2}.Debug|Any CPU.Build.0 = Debug|Any CPU
		{A483EA6F-D5C7-42EE-B74C-C7DCF0FB82E2}.Release|Any CPU.ActiveCfg = Release|Any CPU
		{A483EA6F-D5C7-42EE-B74C-C7DCF0FB82E2}.Release|Any CPU.Build.0 = Release|Any CPU
	EndGlobalSection
EndGlobal
