
Microsoft Visual Studio Solution File, Format Version 12.00
Project("{FAE04EC0-301F-11D3-BF4B-00C04F79EFBC}") = "42586_FixProcess", "42586_FixProcess.csproj", "{672635C8-D8AF-4125-A565-3F8793BEC664}"
EndProject
Global
	GlobalSection(SolutionConfigurationPlatforms) = preSolution
		Debug|Any CPU = Debug|Any CPU
		Release|Any CPU = Release|Any CPU
	EndGlobalSection
	GlobalSection(ProjectConfigurationPlatforms) = postSolution
		{672635C8-D8AF-4125-A565-3F8793BEC664}.Debug|Any CPU.ActiveCfg = Debug|Any CPU
		{672635C8-D8AF-4125-A565-3F8793BEC664}.Debug|Any CPU.Build.0 = Debug|Any CPU
		{672635C8-D8AF-4125-A565-3F8793BEC664}.Release|Any CPU.ActiveCfg = Release|Any CPU
		{672635C8-D8AF-4125-A565-3F8793BEC664}.Release|Any CPU.Build.0 = Release|Any CPU
	EndGlobalSection
EndGlobal
