
Microsoft Visual Studio Solution File, Format Version 12.00
Project("{FAE04EC0-301F-11D3-BF4B-00C04F79EFBC}") = "136_SingleNumber", "136_SingleNumber.csproj", "{047747F1-60F4-4958-8D12-DDC9E9CE6C65}"
EndProject
Global
	GlobalSection(SolutionConfigurationPlatforms) = preSolution
		Debug|Any CPU = Debug|Any CPU
		Release|Any CPU = Release|Any CPU
	EndGlobalSection
	GlobalSection(ProjectConfigurationPlatforms) = postSolution
		{047747F1-60F4-4958-8D12-DDC9E9CE6C65}.Debug|Any CPU.ActiveCfg = Debug|Any CPU
		{047747F1-60F4-4958-8D12-DDC9E9CE6C65}.Debug|Any CPU.Build.0 = Debug|Any CPU
		{047747F1-60F4-4958-8D12-DDC9E9CE6C65}.Release|Any CPU.ActiveCfg = Release|Any CPU
		{047747F1-60F4-4958-8D12-DDC9E9CE6C65}.Release|Any CPU.Build.0 = Release|Any CPU
	EndGlobalSection
EndGlobal
