
Microsoft Visual Studio Solution File, Format Version 12.00
Project("{FAE04EC0-301F-11D3-BF4B-00C04F79EFBC}") = "802_FindEventualSafeStates", "802_FindEventualSafeStates.csproj", "{EF934F18-3445-4BCA-A77B-866DFB7EBC4C}"
EndProject
Global
	GlobalSection(SolutionConfigurationPlatforms) = preSolution
		Debug|Any CPU = Debug|Any CPU
		Release|Any CPU = Release|Any CPU
	EndGlobalSection
	GlobalSection(ProjectConfigurationPlatforms) = postSolution
		{EF934F18-3445-4BCA-A77B-866DFB7EBC4C}.Debug|Any CPU.ActiveCfg = Debug|Any CPU
		{EF934F18-3445-4BCA-A77B-866DFB7EBC4C}.Debug|Any CPU.Build.0 = Debug|Any CPU
		{EF934F18-3445-4BCA-A77B-866DFB7EBC4C}.Release|Any CPU.ActiveCfg = Release|Any CPU
		{EF934F18-3445-4BCA-A77B-866DFB7EBC4C}.Release|Any CPU.Build.0 = Release|Any CPU
	EndGlobalSection
EndGlobal
